<?xml version="1.0" encoding="UTF-8" standalone="yes" ?>
<CodeBlocks_project_file>
	<FileVersion major="1" minor="3" />
	<Project>
		<Option title="TriX" />
		<Option pch_mode="0" />
		<Option compiler="gcc" />
		<Build>
			<Target title="default">
				<Option output="..\..\TriX.exe" />
				<Option working_dir="..\..\" />
				<Option type="1" />
				<Option compiler="gcc" />
				<Option parameters="test.trx test.fls" />
				<Option includeInTargetAll="1" />
				<Option projectResourceIncludeDirsRelation="1" />
				<Compiler>
					<Add option="-g" />
					<Add option="-DGCC_WIN32" />
					<Add directory="..\..\include" />
				</Compiler>
			</Target>
		</Build>
		<Compiler>
			<Add option="-Wno-multichar" />
		</Compiler>
		<Linker>
			<Add library="D:\Microsoft Visual Studio\VC98\Lib\WS2_32.LIB" />
		</Linker>
		<Unit filename="..\..\include\arm.h">
			<Option compilerVar="" />
			<Option compile="0" />
			<Option link="0" />
			<Option target="default" />
		</Unit>
		<Unit filename="..\..\include\bz2_bzlib.h">
			<Option compilerVar="" />
			<Option compile="0" />
			<Option link="0" />
			<Option target="default" />
		</Unit>
		<Unit filename="..\..\include\bz2_bzlib_private.h">
			<Option compilerVar="" />
			<Option compile="0" />
			<Option link="0" />
			<Option target="default" />
		</Unit>
		<Unit filename="..\..\include\crypto.h">
			<Option compilerVar="" />
			<Option compile="0" />
			<Option link="0" />
			<Option target="default" />
		</Unit>
		<Unit filename="..\..\include\crypto_arith.h">
			<Option compilerVar="" />
			<Option compile="0" />
			<Option link="0" />
			<Option target="default" />
		</Unit>
		<Unit filename="..\..\include\crypto_arithdek.h">
			<Option compilerVar="" />
			<Option compile="0" />
			<Option link="0" />
			<Option target="default" />
		</Unit>
		<Unit filename="..\..\include\crypto_jk.h">
			<Option compilerVar="" />
			<Option compile="0" />
			<Option link="0" />
			<Option target="default" />
		</Unit>
		<Unit filename="..\..\include\defines.h">
			<Option compilerVar="" />
			<Option compile="0" />
			<Option link="0" />
			<Option target="default" />
		</Unit>
		<Unit filename="..\..\include\elf.h">
			<Option compilerVar="" />
			<Option compile="0" />
			<Option link="0" />
			<Option target="default" />
		</Unit>
		<Unit filename="..\..\include\file.h">
			<Option compilerVar="" />
			<Option compile="0" />
			<Option link="0" />
			<Option target="default" />
		</Unit>
		<Unit filename="..\..\include\file_io.h">
			<Option compilerVar="" />
			<Option compile="0" />
			<Option link="0" />
			<Option target="default" />
		</Unit>
		<Unit filename="..\..\include\fmt.h">
			<Option compilerVar="" />
			<Option compile="0" />
			<Option link="0" />
			<Option target="default" />
		</Unit>
		<Unit filename="..\..\include\http_lib.h">
			<Option compilerVar="" />
			<Option compile="0" />
			<Option link="0" />
			<Option target="default" />
		</Unit>
		<Unit filename="..\..\include\mem.h">
			<Option compilerVar="" />
			<Option compile="0" />
			<Option link="0" />
			<Option target="default" />
		</Unit>
		<Unit filename="..\..\include\misc.h">
			<Option compilerVar="" />
			<Option compile="0" />
			<Option link="0" />
			<Option target="default" />
		</Unit>
		<Unit filename="..\..\include\netrix.h">
			<Option compilerVar="" />
			<Option compile="0" />
			<Option link="0" />
			<Option target="default" />
		</Unit>
		<Unit filename="..\..\include\nokia.h">
			<Option compilerVar="" />
			<Option compile="0" />
			<Option link="0" />
			<Option target="default" />
		</Unit>
		<Unit filename="..\..\include\seer.h">
			<Option compilerVar="" />
			<Option compile="0" />
			<Option link="0" />
			<Option target="default" />
		</Unit>
		<Unit filename="..\..\include\seer_code.h">
			<Option compilerVar="" />
			<Option compile="0" />
			<Option link="0" />
			<Option target="default" />
		</Unit>
		<Unit filename="..\..\include\seer_internal.h">
			<Option compilerVar="" />
			<Option compile="0" />
			<Option link="0" />
			<Option target="default" />
		</Unit>
		<Unit filename="..\..\include\seer_vcpudeco.h">
			<Option compilerVar="" />
			<Option compile="0" />
			<Option link="0" />
			<Option target="default" />
		</Unit>
		<Unit filename="..\..\include\segment.h">
			<Option compilerVar="" />
			<Option compile="0" />
			<Option link="0" />
			<Option target="default" />
		</Unit>
		<Unit filename="..\..\include\stage.h">
			<Option compilerVar="" />
			<Option compile="0" />
			<Option link="0" />
			<Option target="default" />
		</Unit>
		<Unit filename="..\..\include\trixcrypt.h">
			<Option compilerVar="CPP" />
			<Option compile="0" />
			<Option link="0" />
			<Option target="default" />
		</Unit>
		<Unit filename="..\..\include\trixplug.h">
			<Option compilerVar="CPP" />
			<Option compile="0" />
			<Option link="0" />
			<Option target="default" />
		</Unit>
		<Unit filename="..\..\include\ui.h">
			<Option compilerVar="" />
			<Option compile="0" />
			<Option link="0" />
			<Option target="default" />
		</Unit>
		<Unit filename="..\..\include\util.h">
			<Option compilerVar="" />
			<Option compile="0" />
			<Option link="0" />
			<Option target="default" />
		</Unit>
		<Unit filename="..\..\include\util_symbols.h">
			<Option compilerVar="" />
			<Option compile="0" />
			<Option link="0" />
			<Option target="default" />
		</Unit>
		<Unit filename="..\..\include\workspace.h">
			<Option compilerVar="" />
			<Option compile="0" />
			<Option link="0" />
			<Option target="default" />
		</Unit>
		<Unit filename="..\..\src\arm.c">
			<Option compilerVar="CC" />
			<Option target="default" />
		</Unit>
		<Unit filename="..\..\src\bz2\bz2_blocksort.c">
			<Option compilerVar="CC" />
			<Option target="default" />
		</Unit>
		<Unit filename="..\..\src\bz2\bz2_bzlib.c">
			<Option compilerVar="CC" />
			<Option target="default" />
		</Unit>
		<Unit filename="..\..\src\bz2\bz2_compress.c">
			<Option compilerVar="CC" />
			<Option target="default" />
		</Unit>
		<Unit filename="..\..\src\bz2\bz2_crctable.c">
			<Option compilerVar="CC" />
			<Option target="default" />
		</Unit>
		<Unit filename="..\..\src\bz2\bz2_decompress.c">
			<Option compilerVar="CC" />
			<Option target="default" />
		</Unit>
		<Unit filename="..\..\src\bz2\bz2_huffman.c">
			<Option compilerVar="CC" />
			<Option target="default" />
		</Unit>
		<Unit filename="..\..\src\bz2\bz2_randtable.c">
			<Option compilerVar="CC" />
			<Option target="default" />
		</Unit>
		<Unit filename="..\..\src\crypto\bigd.c">
			<Option compilerVar="CC" />
			<Option target="default" />
		</Unit>
		<Unit filename="..\..\src\crypto\bigdigits.c">
			<Option compilerVar="CC" />
			<Option target="default" />
		</Unit>
		<Unit filename="..\..\src\crypto\crypto.c">
			<Option compilerVar="CC" />
			<Option target="default" />
		</Unit>
		<Unit filename="..\..\src\crypto\crypto_rsa.c">
			<Option compilerVar="CC" />
			<Option target="default" />
		</Unit>
		<Unit filename="..\..\src\crypto\md5.c">
			<Option compilerVar="CC" />
			<Option target="default" />
		</Unit>
		<Unit filename="..\..\src\crypto\spBigdigits.c">
			<Option compilerVar="CC" />
			<Option target="default" />
		</Unit>
		<Unit filename="..\..\src\crypto\spRandom.c">
			<Option compilerVar="CC" />
			<Option target="default" />
		</Unit>
		<Unit filename="..\..\src\elf.c">
			<Option compilerVar="CC" />
			<Option target="default" />
		</Unit>
		<Unit filename="..\..\src\file.c">
			<Option compilerVar="CC" />
			<Option target="default" />
		</Unit>
		<Unit filename="..\..\src\file_io.c">
			<Option compilerVar="CC" />
			<Option target="default" />
		</Unit>
		<Unit filename="..\..\src\fmt.c">
			<Option compilerVar="CC" />
			<Option target="default" />
		</Unit>
		<Unit filename="..\..\src\fmt_bz2.c">
			<Option compilerVar="CC" />
			<Option target="default" />
		</Unit>
		<Unit filename="..\..\src\fmt_dct3flash.c">
			<Option compilerVar="CC" />
			<Option target="default" />
		</Unit>
		<Unit filename="..\..\src\fmt_dct4crypt.c">
			<Option compilerVar="CC" />
			<Option target="default" />
		</Unit>
		<Unit filename="..\..\src\fmt_elf.c">
			<Option compilerVar="CC" />
			<Option target="default" />
		</Unit>
		<Unit filename="..\..\src\fmt_phoenix.c">
			<Option compilerVar="CC" />
			<Option target="default" />
		</Unit>
		<Unit filename="..\..\src\fmt_trixcrypt.c">
			<Option compilerVar="CC" />
			<Option target="default" />
		</Unit>
		<Unit filename="..\..\src\fmt_wintesla.c">
			<Option compilerVar="CC" />
			<Option target="default" />
		</Unit>
		<Unit filename="..\..\src\http-tiny-1.2\http_lib.c">
			<Option compilerVar="CC" />
			<Option target="default" />
		</Unit>
		<Unit filename="..\..\src\main.c">
			<Option compilerVar="CC" />
			<Option target="default" />
		</Unit>
		<Unit filename="..\..\src\mem.c">
			<Option compilerVar="CC" />
			<Option target="default" />
		</Unit>
		<Unit filename="..\..\src\netrix.c">
			<Option compilerVar="CC" />
			<Option target="default" />
		</Unit>
		<Unit filename="..\..\src\nokia.c">
			<Option compilerVar="CC" />
			<Option target="default" />
		</Unit>
		<Unit filename="..\..\src\seer\seer.c">
			<Option compilerVar="CC" />
			<Option target="default" />
		</Unit>
		<Unit filename="..\..\src\seer\seer_callasm.c">
			<Option compilerVar="CC" />
			<Option target="default" />
		</Unit>
		<Unit filename="..\..\src\seer\seer_compiler.c">
			<Option compilerVar="CC" />
			<Option target="default" />
		</Unit>
		<Unit filename="..\..\src\seer\seer_consts.c">
			<Option compilerVar="CC" />
			<Option target="default" />
		</Unit>
		<Unit filename="..\..\src\seer\seer_declare.c">
			<Option compilerVar="CC" />
			<Option target="default" />
		</Unit>
		<Unit filename="..\..\src\seer\seer_dict.c">
			<Option compilerVar="CC" />
			<Option target="default" />
		</Unit>
		<Unit filename="..\..\src\seer\seer_exp.c">
			<Option compilerVar="CC" />
			<Option target="default" />
		</Unit>
		<Unit filename="..\..\src\seer\seer_headers.c">
			<Option compilerVar="CC" />
			<Option target="default" />
		</Unit>
		<Unit filename="..\..\src\seer\seer_initial.c">
			<Option compilerVar="CC" />
			<Option target="default" />
		</Unit>
		<Unit filename="..\..\src\seer\seer_instance.c">
			<Option compilerVar="CC" />
			<Option target="default" />
		</Unit>
		<Unit filename="..\..\src\seer\seer_parser.c">
			<Option compilerVar="CC" />
			<Option target="default" />
		</Unit>
		<Unit filename="..\..\src\seer\seer_pmem.c">
			<Option compilerVar="CC" />
			<Option target="default" />
		</Unit>
		<Unit filename="..\..\src\seer\seer_preproc.c">
			<Option compilerVar="CC" />
			<Option target="default" />
		</Unit>
		<Unit filename="..\..\src\seer\seer_protect.c">
			<Option compilerVar="CC" />
			<Option target="default" />
		</Unit>
		<Unit filename="..\..\src\seer\seer_script.c">
			<Option compilerVar="CC" />
			<Option target="default" />
		</Unit>
		<Unit filename="..\..\src\seer\seer_vars.c">
			<Option compilerVar="CC" />
			<Option target="default" />
		</Unit>
		<Unit filename="..\..\src\seer\seer_vcpucode.c">
			<Option compilerVar="CC" />
			<Option target="default" />
		</Unit>
		<Unit filename="..\..\src\seer\seer_vcpudeco.c">
			<Option compilerVar="CC" />
			<Option target="default" />
		</Unit>
		<Unit filename="..\..\src\segment.c">
			<Option compilerVar="CC" />
			<Option target="default" />
		</Unit>
		<Unit filename="..\..\src\stage.c">
			<Option compilerVar="CC" />
			<Option target="default" />
		</Unit>
		<Unit filename="..\..\src\trixcrypt.c">
			<Option compilerVar="CC" />
			<Option target="default" />
		</Unit>
		<Unit filename="..\..\src\trixplug.c">
			<Option compilerVar="CC" />
			<Option target="default" />
		</Unit>
		<Unit filename="..\..\src\ui.c">
			<Option compilerVar="CC" />
			<Option target="default" />
		</Unit>
		<Unit filename="..\..\src\util.c">
			<Option compilerVar="CC" />
			<Option target="default" />
		</Unit>
		<Unit filename="..\..\src\util_symbols.c">
			<Option compilerVar="CC" />
			<Option target="default" />
		</Unit>
		<Unit filename="..\..\src\workspace.c">
			<Option compilerVar="CC" />
			<Option target="default" />
		</Unit>
		<Unit filename="..\..\test.trx">
			<Option compilerVar="" />
			<Option compile="0" />
			<Option link="0" />
			<Option target="default" />
		</Unit>
	</Project>
</CodeBlocks_project_file>