Microsoft Visual Studio Solution File, Format Version 12.00
# Visual Studio Express 2013 for Windows Desktop
VisualStudioVersion = 12.0.30501.0
MinimumVisualStudioVersion = 10.0.40219.1
Project("{8BC9CEB8-8B4A-11D0-8D11-00A0C91BC942}") = "TriX", "TriX.vcxproj", "{64887AA2-DBCE-435B-907E-9301B8E28637}"
EndProject
Project("{8BC9CEB8-8B4A-11D0-8D11-00A0C91BC942}") = "TriX_ARMada", "TriX_ARMada\TriX_ARMada.vcxproj", "{6C8895DE-B4FC-45A9-9EC9-B2FC7698F1C5}"
EndProject
Project("{8BC9CEB8-8B4A-11D0-8D11-00A0C91BC942}") = "TriX_ARMulate", "TriX_ARMulate\TriX_ARMulate.vcxproj", "{1344D36C-6AF7-4661-BE89-E190402B1058}"
EndProject
Project("{8BC9CEB8-8B4A-11D0-8D11-00A0C91BC942}") = "TriX_DisARM", "TriX_DisARM\TriX_DisARM.vcxproj", "{01F7FA6A-81FD-4069-A7F3-3D922A528C1C}"
EndProject
Project("{8BC9CEB8-8B4A-11D0-8D11-00A0C91BC942}") = "TriX_Excellent", "TriX_Excellent\TriX_Excellent.vcxproj", "{2A85C5AF-F5DD-459B-B59A-CE1DFD0CDC91}"
EndProject
Project("{8BC9CEB8-8B4A-11D0-8D11-00A0C91BC942}") = "TriX_FATe", "TriX_FATe\TriX_FATe.vcxproj", "{EB323CA5-AF5A-482D-81C9-76BA7CB64271}"
EndProject
Project("{8BC9CEB8-8B4A-11D0-8D11-00A0C91BC942}") = "TriX_fmtBABE", "TriX_fmtBABE\TriX_fmtBABE.vcxproj", "{3E979970-47E2-4354-9477-4099B84E0837}"
EndProject
Project("{8BC9CEB8-8B4A-11D0-8D11-00A0C91BC942}") = "TriX_fmtBADA", "TriX_fmtBADA\TriX_fmtBADA.vcproj", "{87CBBF63-67D0-418B-B9F3-48C325F242ED}"
EndProject
Project("{8BC9CEB8-8B4A-11D0-8D11-00A0C91BC942}") = "TriX_fmtCNT", "TriX_fmtCNT\TriX_fmtCNT.vcxproj", "{694A492A-4D8F-4A11-9034-EDBABEC7FFEF}"
EndProject
Project("{8BC9CEB8-8B4A-11D0-8D11-00A0C91BC942}") = "TriX_fmttest", "TriX_fmttest\TriX_fmttest.vcxproj", "{1F2B1EA5-76BE-495D-818A-41EBEC36F941}"
EndProject
Project("{8BC9CEB8-8B4A-11D0-8D11-00A0C91BC942}") = "TriX_HWemu", "TriX_HWemu\TriX_HWemu.vcxproj", "{459D6F30-16D7-49BF-8A83-0E813DFB5233}"
EndProject
Project("{8BC9CEB8-8B4A-11D0-8D11-00A0C91BC942}") = "TriX_IPShell", "TriX_IPShell\TriX_IPShell.vcxproj", "{01EC267B-0690-4CA6-85F8-D50DAA35A7D3}"
EndProject
Project("{8BC9CEB8-8B4A-11D0-8D11-00A0C91BC942}") = "TriX_NokiaCrypt", "TriX_NokiaCrypt\TriX_NokiaCrypt.vcxproj", "{8B4DCBCE-A4ED-432C-A99C-771C71002765}"
EndProject
Project("{8BC9CEB8-8B4A-11D0-8D11-00A0C91BC942}") = "TriX_PPModify", "TriX_PPModify\TriX_PPModify.vcxproj", "{2AEAB89A-B282-4281-AAFB-BA90C361FDAF}"
EndProject
Project("{8BC9CEB8-8B4A-11D0-8D11-00A0C91BC942}") = "TriX_Prodigize", "TriX_Prodigize\TriX_Prodigize.vcxproj", "{20202BFD-4D14-43EB-B94C-A8771AD84679}"
EndProject
Project("{8BC9CEB8-8B4A-11D0-8D11-00A0C91BC942}") = "TriX_term", "TriX_term\TriX_term.vcxproj", "{ABA2BF4F-8F19-4DC2-86BA-639AA79C3294}"
EndProject
Project("{8BC9CEB8-8B4A-11D0-8D11-00A0C91BC942}") = "TriX_UFS", "TriX_UFS\TriX_UFS.vcxproj", "{A5A754AC-6897-403F-8B34-438F0F6DEAAA}"
EndProject
Project("{8BC9CEB8-8B4A-11D0-8D11-00A0C91BC942}") = "TriX_XML", "TriX_XML\TriX_XML.vcxproj", "{E3326DB8-B364-40A5-855A-2E6C4E5884DE}"
EndProject
Project("{8BC9CEB8-8B4A-11D0-8D11-00A0C91BC942}") = "TriX_HWemuEOS", "TriX_HWemuEOS\TriX_HWemuEOS.vcxproj", "{0BF2C761-51CF-43FB-8AAC-306814E055B9}"
EndProject
Global
	GlobalSection(SolutionConfigurationPlatforms) = preSolution
		Debug|Win32 = Debug|Win32
		PPModd Debug|Win32 = PPModd Debug|Win32
		PPModd Embedded Debug|Win32 = PPModd Embedded Debug|Win32
		PPModd Embedded|Win32 = PPModd Embedded|Win32
		PPModd|Win32 = PPModd|Win32
		QT Debug|Win32 = QT Debug|Win32
		QT Release|Win32 = QT Release|Win32
		Release|Win32 = Release|Win32
	EndGlobalSection
	GlobalSection(ProjectConfigurationPlatforms) = postSolution
		{64887AA2-DBCE-435B-907E-9301B8E28637}.Debug|Win32.ActiveCfg = Debug|Win32
		{64887AA2-DBCE-435B-907E-9301B8E28637}.Debug|Win32.Build.0 = Debug|Win32
		{64887AA2-DBCE-435B-907E-9301B8E28637}.PPModd Debug|Win32.ActiveCfg = PPModd Debug|Win32
		{64887AA2-DBCE-435B-907E-9301B8E28637}.PPModd Debug|Win32.Build.0 = PPModd Debug|Win32
		{64887AA2-DBCE-435B-907E-9301B8E28637}.PPModd Embedded Debug|Win32.ActiveCfg = PPModd Embedded Debug|Win32
		{64887AA2-DBCE-435B-907E-9301B8E28637}.PPModd Embedded Debug|Win32.Build.0 = PPModd Embedded Debug|Win32
		{64887AA2-DBCE-435B-907E-9301B8E28637}.PPModd Embedded|Win32.ActiveCfg = PPModd Embedded|Win32
		{64887AA2-DBCE-435B-907E-9301B8E28637}.PPModd Embedded|Win32.Build.0 = PPModd Embedded|Win32
		{64887AA2-DBCE-435B-907E-9301B8E28637}.PPModd|Win32.ActiveCfg = PPModd|Win32
		{64887AA2-DBCE-435B-907E-9301B8E28637}.PPModd|Win32.Build.0 = PPModd|Win32
		{64887AA2-DBCE-435B-907E-9301B8E28637}.QT Debug|Win32.ActiveCfg = QT Debug|Win32
		{64887AA2-DBCE-435B-907E-9301B8E28637}.QT Debug|Win32.Build.0 = QT Debug|Win32
		{64887AA2-DBCE-435B-907E-9301B8E28637}.QT Release|Win32.ActiveCfg = QT Release|Win32
		{64887AA2-DBCE-435B-907E-9301B8E28637}.QT Release|Win32.Build.0 = QT Release|Win32
		{64887AA2-DBCE-435B-907E-9301B8E28637}.Release|Win32.ActiveCfg = Release|Win32
		{64887AA2-DBCE-435B-907E-9301B8E28637}.Release|Win32.Build.0 = Release|Win32
		{6C8895DE-B4FC-45A9-9EC9-B2FC7698F1C5}.Debug|Win32.ActiveCfg = Debug|Win32
		{6C8895DE-B4FC-45A9-9EC9-B2FC7698F1C5}.Debug|Win32.Build.0 = Debug|Win32
		{6C8895DE-B4FC-45A9-9EC9-B2FC7698F1C5}.PPModd Debug|Win32.ActiveCfg = Debug|Win32
		{6C8895DE-B4FC-45A9-9EC9-B2FC7698F1C5}.PPModd Debug|Win32.Build.0 = Debug|Win32
		{6C8895DE-B4FC-45A9-9EC9-B2FC7698F1C5}.PPModd Embedded Debug|Win32.ActiveCfg = Debug|Win32
		{6C8895DE-B4FC-45A9-9EC9-B2FC7698F1C5}.PPModd Embedded Debug|Win32.Build.0 = Debug|Win32
		{6C8895DE-B4FC-45A9-9EC9-B2FC7698F1C5}.PPModd Embedded|Win32.ActiveCfg = Release|Win32
		{6C8895DE-B4FC-45A9-9EC9-B2FC7698F1C5}.PPModd Embedded|Win32.Build.0 = Release|Win32
		{6C8895DE-B4FC-45A9-9EC9-B2FC7698F1C5}.PPModd|Win32.ActiveCfg = Release|Win32
		{6C8895DE-B4FC-45A9-9EC9-B2FC7698F1C5}.PPModd|Win32.Build.0 = Release|Win32
		{6C8895DE-B4FC-45A9-9EC9-B2FC7698F1C5}.QT Debug|Win32.ActiveCfg = Debug|Win32
		{6C8895DE-B4FC-45A9-9EC9-B2FC7698F1C5}.QT Debug|Win32.Build.0 = Debug|Win32
		{6C8895DE-B4FC-45A9-9EC9-B2FC7698F1C5}.QT Release|Win32.ActiveCfg = Release|Win32
		{6C8895DE-B4FC-45A9-9EC9-B2FC7698F1C5}.QT Release|Win32.Build.0 = Release|Win32
		{6C8895DE-B4FC-45A9-9EC9-B2FC7698F1C5}.Release|Win32.ActiveCfg = Release|Win32
		{6C8895DE-B4FC-45A9-9EC9-B2FC7698F1C5}.Release|Win32.Build.0 = Release|Win32
		{1344D36C-6AF7-4661-BE89-E190402B1058}.Debug|Win32.ActiveCfg = Debug|Win32
		{1344D36C-6AF7-4661-BE89-E190402B1058}.Debug|Win32.Build.0 = Debug|Win32
		{1344D36C-6AF7-4661-BE89-E190402B1058}.PPModd Debug|Win32.ActiveCfg = Debug|Win32
		{1344D36C-6AF7-4661-BE89-E190402B1058}.PPModd Debug|Win32.Build.0 = Debug|Win32
		{1344D36C-6AF7-4661-BE89-E190402B1058}.PPModd Embedded Debug|Win32.ActiveCfg = Debug|Win32
		{1344D36C-6AF7-4661-BE89-E190402B1058}.PPModd Embedded Debug|Win32.Build.0 = Debug|Win32
		{1344D36C-6AF7-4661-BE89-E190402B1058}.PPModd Embedded|Win32.ActiveCfg = Release|Win32
		{1344D36C-6AF7-4661-BE89-E190402B1058}.PPModd Embedded|Win32.Build.0 = Release|Win32
		{1344D36C-6AF7-4661-BE89-E190402B1058}.PPModd|Win32.ActiveCfg = Release|Win32
		{1344D36C-6AF7-4661-BE89-E190402B1058}.PPModd|Win32.Build.0 = Release|Win32
		{1344D36C-6AF7-4661-BE89-E190402B1058}.QT Debug|Win32.ActiveCfg = Debug|Win32
		{1344D36C-6AF7-4661-BE89-E190402B1058}.QT Debug|Win32.Build.0 = Debug|Win32
		{1344D36C-6AF7-4661-BE89-E190402B1058}.QT Release|Win32.ActiveCfg = Release|Win32
		{1344D36C-6AF7-4661-BE89-E190402B1058}.QT Release|Win32.Build.0 = Release|Win32
		{1344D36C-6AF7-4661-BE89-E190402B1058}.Release|Win32.ActiveCfg = Release|Win32
		{1344D36C-6AF7-4661-BE89-E190402B1058}.Release|Win32.Build.0 = Release|Win32
		{01F7FA6A-81FD-4069-A7F3-3D922A528C1C}.Debug|Win32.ActiveCfg = Debug|Win32
		{01F7FA6A-81FD-4069-A7F3-3D922A528C1C}.Debug|Win32.Build.0 = Debug|Win32
		{01F7FA6A-81FD-4069-A7F3-3D922A528C1C}.PPModd Debug|Win32.ActiveCfg = Debug|Win32
		{01F7FA6A-81FD-4069-A7F3-3D922A528C1C}.PPModd Debug|Win32.Build.0 = Debug|Win32
		{01F7FA6A-81FD-4069-A7F3-3D922A528C1C}.PPModd Embedded Debug|Win32.ActiveCfg = Debug|Win32
		{01F7FA6A-81FD-4069-A7F3-3D922A528C1C}.PPModd Embedded Debug|Win32.Build.0 = Debug|Win32
		{01F7FA6A-81FD-4069-A7F3-3D922A528C1C}.PPModd Embedded|Win32.ActiveCfg = Release|Win32
		{01F7FA6A-81FD-4069-A7F3-3D922A528C1C}.PPModd Embedded|Win32.Build.0 = Release|Win32
		{01F7FA6A-81FD-4069-A7F3-3D922A528C1C}.PPModd|Win32.ActiveCfg = Release|Win32
		{01F7FA6A-81FD-4069-A7F3-3D922A528C1C}.PPModd|Win32.Build.0 = Release|Win32
		{01F7FA6A-81FD-4069-A7F3-3D922A528C1C}.QT Debug|Win32.ActiveCfg = Debug|Win32
		{01F7FA6A-81FD-4069-A7F3-3D922A528C1C}.QT Debug|Win32.Build.0 = Debug|Win32
		{01F7FA6A-81FD-4069-A7F3-3D922A528C1C}.QT Release|Win32.ActiveCfg = Release|Win32
		{01F7FA6A-81FD-4069-A7F3-3D922A528C1C}.QT Release|Win32.Build.0 = Release|Win32
		{01F7FA6A-81FD-4069-A7F3-3D922A528C1C}.Release|Win32.ActiveCfg = Release|Win32
		{01F7FA6A-81FD-4069-A7F3-3D922A528C1C}.Release|Win32.Build.0 = Release|Win32
		{2A85C5AF-F5DD-459B-B59A-CE1DFD0CDC91}.Debug|Win32.ActiveCfg = Debug|Win32
		{2A85C5AF-F5DD-459B-B59A-CE1DFD0CDC91}.Debug|Win32.Build.0 = Debug|Win32
		{2A85C5AF-F5DD-459B-B59A-CE1DFD0CDC91}.PPModd Debug|Win32.ActiveCfg = Debug|Win32
		{2A85C5AF-F5DD-459B-B59A-CE1DFD0CDC91}.PPModd Debug|Win32.Build.0 = Debug|Win32
		{2A85C5AF-F5DD-459B-B59A-CE1DFD0CDC91}.PPModd Embedded Debug|Win32.ActiveCfg = Debug|Win32
		{2A85C5AF-F5DD-459B-B59A-CE1DFD0CDC91}.PPModd Embedded Debug|Win32.Build.0 = Debug|Win32
		{2A85C5AF-F5DD-459B-B59A-CE1DFD0CDC91}.PPModd Embedded|Win32.ActiveCfg = Release|Win32
		{2A85C5AF-F5DD-459B-B59A-CE1DFD0CDC91}.PPModd Embedded|Win32.Build.0 = Release|Win32
		{2A85C5AF-F5DD-459B-B59A-CE1DFD0CDC91}.PPModd|Win32.ActiveCfg = Release|Win32
		{2A85C5AF-F5DD-459B-B59A-CE1DFD0CDC91}.PPModd|Win32.Build.0 = Release|Win32
		{2A85C5AF-F5DD-459B-B59A-CE1DFD0CDC91}.QT Debug|Win32.ActiveCfg = Debug|Win32
		{2A85C5AF-F5DD-459B-B59A-CE1DFD0CDC91}.QT Debug|Win32.Build.0 = Debug|Win32
		{2A85C5AF-F5DD-459B-B59A-CE1DFD0CDC91}.QT Release|Win32.ActiveCfg = Release|Win32
		{2A85C5AF-F5DD-459B-B59A-CE1DFD0CDC91}.QT Release|Win32.Build.0 = Release|Win32
		{2A85C5AF-F5DD-459B-B59A-CE1DFD0CDC91}.Release|Win32.ActiveCfg = Release|Win32
		{2A85C5AF-F5DD-459B-B59A-CE1DFD0CDC91}.Release|Win32.Build.0 = Release|Win32
		{EB323CA5-AF5A-482D-81C9-76BA7CB64271}.Debug|Win32.ActiveCfg = Debug|Win32
		{EB323CA5-AF5A-482D-81C9-76BA7CB64271}.Debug|Win32.Build.0 = Debug|Win32
		{EB323CA5-AF5A-482D-81C9-76BA7CB64271}.PPModd Debug|Win32.ActiveCfg = Debug|Win32
		{EB323CA5-AF5A-482D-81C9-76BA7CB64271}.PPModd Debug|Win32.Build.0 = Debug|Win32
		{EB323CA5-AF5A-482D-81C9-76BA7CB64271}.PPModd Embedded Debug|Win32.ActiveCfg = Debug|Win32
		{EB323CA5-AF5A-482D-81C9-76BA7CB64271}.PPModd Embedded Debug|Win32.Build.0 = Debug|Win32
		{EB323CA5-AF5A-482D-81C9-76BA7CB64271}.PPModd Embedded|Win32.ActiveCfg = Release|Win32
		{EB323CA5-AF5A-482D-81C9-76BA7CB64271}.PPModd Embedded|Win32.Build.0 = Release|Win32
		{EB323CA5-AF5A-482D-81C9-76BA7CB64271}.PPModd|Win32.ActiveCfg = Release|Win32
		{EB323CA5-AF5A-482D-81C9-76BA7CB64271}.PPModd|Win32.Build.0 = Release|Win32
		{EB323CA5-AF5A-482D-81C9-76BA7CB64271}.QT Debug|Win32.ActiveCfg = Debug|Win32
		{EB323CA5-AF5A-482D-81C9-76BA7CB64271}.QT Debug|Win32.Build.0 = Debug|Win32
		{EB323CA5-AF5A-482D-81C9-76BA7CB64271}.QT Release|Win32.ActiveCfg = Release|Win32
		{EB323CA5-AF5A-482D-81C9-76BA7CB64271}.QT Release|Win32.Build.0 = Release|Win32
		{EB323CA5-AF5A-482D-81C9-76BA7CB64271}.Release|Win32.ActiveCfg = Release|Win32
		{EB323CA5-AF5A-482D-81C9-76BA7CB64271}.Release|Win32.Build.0 = Release|Win32
		{3E979970-47E2-4354-9477-4099B84E0837}.Debug|Win32.ActiveCfg = Debug|Win32
		{3E979970-47E2-4354-9477-4099B84E0837}.Debug|Win32.Build.0 = Debug|Win32
		{3E979970-47E2-4354-9477-4099B84E0837}.PPModd Debug|Win32.ActiveCfg = Debug|Win32
		{3E979970-47E2-4354-9477-4099B84E0837}.PPModd Debug|Win32.Build.0 = Debug|Win32
		{3E979970-47E2-4354-9477-4099B84E0837}.PPModd Embedded Debug|Win32.ActiveCfg = Debug|Win32
		{3E979970-47E2-4354-9477-4099B84E0837}.PPModd Embedded Debug|Win32.Build.0 = Debug|Win32
		{3E979970-47E2-4354-9477-4099B84E0837}.PPModd Embedded|Win32.ActiveCfg = Release|Win32
		{3E979970-47E2-4354-9477-4099B84E0837}.PPModd Embedded|Win32.Build.0 = Release|Win32
		{3E979970-47E2-4354-9477-4099B84E0837}.PPModd|Win32.ActiveCfg = Release|Win32
		{3E979970-47E2-4354-9477-4099B84E0837}.PPModd|Win32.Build.0 = Release|Win32
		{3E979970-47E2-4354-9477-4099B84E0837}.QT Debug|Win32.ActiveCfg = Debug|Win32
		{3E979970-47E2-4354-9477-4099B84E0837}.QT Debug|Win32.Build.0 = Debug|Win32
		{3E979970-47E2-4354-9477-4099B84E0837}.QT Release|Win32.ActiveCfg = Release|Win32
		{3E979970-47E2-4354-9477-4099B84E0837}.QT Release|Win32.Build.0 = Release|Win32
		{3E979970-47E2-4354-9477-4099B84E0837}.Release|Win32.ActiveCfg = Release|Win32
		{3E979970-47E2-4354-9477-4099B84E0837}.Release|Win32.Build.0 = Release|Win32
		{87CBBF63-67D0-418B-B9F3-48C325F242ED}.Debug|Win32.ActiveCfg = Debug|Win32
		{87CBBF63-67D0-418B-B9F3-48C325F242ED}.Debug|Win32.Build.0 = Debug|Win32
		{87CBBF63-67D0-418B-B9F3-48C325F242ED}.PPModd Debug|Win32.ActiveCfg = Debug|Win32
		{87CBBF63-67D0-418B-B9F3-48C325F242ED}.PPModd Debug|Win32.Build.0 = Debug|Win32
		{87CBBF63-67D0-418B-B9F3-48C325F242ED}.PPModd Embedded Debug|Win32.ActiveCfg = Debug|Win32
		{87CBBF63-67D0-418B-B9F3-48C325F242ED}.PPModd Embedded Debug|Win32.Build.0 = Debug|Win32
		{87CBBF63-67D0-418B-B9F3-48C325F242ED}.PPModd Embedded|Win32.ActiveCfg = Release|Win32
		{87CBBF63-67D0-418B-B9F3-48C325F242ED}.PPModd Embedded|Win32.Build.0 = Release|Win32
		{87CBBF63-67D0-418B-B9F3-48C325F242ED}.PPModd|Win32.ActiveCfg = Release|Win32
		{87CBBF63-67D0-418B-B9F3-48C325F242ED}.PPModd|Win32.Build.0 = Release|Win32
		{87CBBF63-67D0-418B-B9F3-48C325F242ED}.QT Debug|Win32.ActiveCfg = Debug|Win32
		{87CBBF63-67D0-418B-B9F3-48C325F242ED}.QT Debug|Win32.Build.0 = Debug|Win32
		{87CBBF63-67D0-418B-B9F3-48C325F242ED}.QT Release|Win32.ActiveCfg = Release|Win32
		{87CBBF63-67D0-418B-B9F3-48C325F242ED}.QT Release|Win32.Build.0 = Release|Win32
		{87CBBF63-67D0-418B-B9F3-48C325F242ED}.Release|Win32.ActiveCfg = Release|Win32
		{87CBBF63-67D0-418B-B9F3-48C325F242ED}.Release|Win32.Build.0 = Release|Win32
		{694A492A-4D8F-4A11-9034-EDBABEC7FFEF}.Debug|Win32.ActiveCfg = Debug|Win32
		{694A492A-4D8F-4A11-9034-EDBABEC7FFEF}.Debug|Win32.Build.0 = Debug|Win32
		{694A492A-4D8F-4A11-9034-EDBABEC7FFEF}.PPModd Debug|Win32.ActiveCfg = Debug|Win32
		{694A492A-4D8F-4A11-9034-EDBABEC7FFEF}.PPModd Debug|Win32.Build.0 = Debug|Win32
		{694A492A-4D8F-4A11-9034-EDBABEC7FFEF}.PPModd Embedded Debug|Win32.ActiveCfg = Debug|Win32
		{694A492A-4D8F-4A11-9034-EDBABEC7FFEF}.PPModd Embedded Debug|Win32.Build.0 = Debug|Win32
		{694A492A-4D8F-4A11-9034-EDBABEC7FFEF}.PPModd Embedded|Win32.ActiveCfg = Release|Win32
		{694A492A-4D8F-4A11-9034-EDBABEC7FFEF}.PPModd Embedded|Win32.Build.0 = Release|Win32
		{694A492A-4D8F-4A11-9034-EDBABEC7FFEF}.PPModd|Win32.ActiveCfg = Release|Win32
		{694A492A-4D8F-4A11-9034-EDBABEC7FFEF}.PPModd|Win32.Build.0 = Release|Win32
		{694A492A-4D8F-4A11-9034-EDBABEC7FFEF}.QT Debug|Win32.ActiveCfg = Debug|Win32
		{694A492A-4D8F-4A11-9034-EDBABEC7FFEF}.QT Debug|Win32.Build.0 = Debug|Win32
		{694A492A-4D8F-4A11-9034-EDBABEC7FFEF}.QT Release|Win32.ActiveCfg = Release|Win32
		{694A492A-4D8F-4A11-9034-EDBABEC7FFEF}.QT Release|Win32.Build.0 = Release|Win32
		{694A492A-4D8F-4A11-9034-EDBABEC7FFEF}.Release|Win32.ActiveCfg = Release|Win32
		{694A492A-4D8F-4A11-9034-EDBABEC7FFEF}.Release|Win32.Build.0 = Release|Win32
		{1F2B1EA5-76BE-495D-818A-41EBEC36F941}.Debug|Win32.ActiveCfg = Debug|Win32
		{1F2B1EA5-76BE-495D-818A-41EBEC36F941}.Debug|Win32.Build.0 = Debug|Win32
		{1F2B1EA5-76BE-495D-818A-41EBEC36F941}.PPModd Debug|Win32.ActiveCfg = Debug|Win32
		{1F2B1EA5-76BE-495D-818A-41EBEC36F941}.PPModd Debug|Win32.Build.0 = Debug|Win32
		{1F2B1EA5-76BE-495D-818A-41EBEC36F941}.PPModd Embedded Debug|Win32.ActiveCfg = Debug|Win32
		{1F2B1EA5-76BE-495D-818A-41EBEC36F941}.PPModd Embedded Debug|Win32.Build.0 = Debug|Win32
		{1F2B1EA5-76BE-495D-818A-41EBEC36F941}.PPModd Embedded|Win32.ActiveCfg = Release|Win32
		{1F2B1EA5-76BE-495D-818A-41EBEC36F941}.PPModd Embedded|Win32.Build.0 = Release|Win32
		{1F2B1EA5-76BE-495D-818A-41EBEC36F941}.PPModd|Win32.ActiveCfg = Release|Win32
		{1F2B1EA5-76BE-495D-818A-41EBEC36F941}.PPModd|Win32.Build.0 = Release|Win32
		{1F2B1EA5-76BE-495D-818A-41EBEC36F941}.QT Debug|Win32.ActiveCfg = Debug|Win32
		{1F2B1EA5-76BE-495D-818A-41EBEC36F941}.QT Debug|Win32.Build.0 = Debug|Win32
		{1F2B1EA5-76BE-495D-818A-41EBEC36F941}.QT Release|Win32.ActiveCfg = Release|Win32
		{1F2B1EA5-76BE-495D-818A-41EBEC36F941}.QT Release|Win32.Build.0 = Release|Win32
		{1F2B1EA5-76BE-495D-818A-41EBEC36F941}.Release|Win32.ActiveCfg = Release|Win32
		{1F2B1EA5-76BE-495D-818A-41EBEC36F941}.Release|Win32.Build.0 = Release|Win32
		{459D6F30-16D7-49BF-8A83-0E813DFB5233}.Debug|Win32.ActiveCfg = Debug|Win32
		{459D6F30-16D7-49BF-8A83-0E813DFB5233}.Debug|Win32.Build.0 = Debug|Win32
		{459D6F30-16D7-49BF-8A83-0E813DFB5233}.PPModd Debug|Win32.ActiveCfg = Debug|Win32
		{459D6F30-16D7-49BF-8A83-0E813DFB5233}.PPModd Debug|Win32.Build.0 = Debug|Win32
		{459D6F30-16D7-49BF-8A83-0E813DFB5233}.PPModd Embedded Debug|Win32.ActiveCfg = Debug|Win32
		{459D6F30-16D7-49BF-8A83-0E813DFB5233}.PPModd Embedded Debug|Win32.Build.0 = Debug|Win32
		{459D6F30-16D7-49BF-8A83-0E813DFB5233}.PPModd Embedded|Win32.ActiveCfg = Release|Win32
		{459D6F30-16D7-49BF-8A83-0E813DFB5233}.PPModd Embedded|Win32.Build.0 = Release|Win32
		{459D6F30-16D7-49BF-8A83-0E813DFB5233}.PPModd|Win32.ActiveCfg = Release|Win32
		{459D6F30-16D7-49BF-8A83-0E813DFB5233}.PPModd|Win32.Build.0 = Release|Win32
		{459D6F30-16D7-49BF-8A83-0E813DFB5233}.QT Debug|Win32.ActiveCfg = Debug|Win32
		{459D6F30-16D7-49BF-8A83-0E813DFB5233}.QT Debug|Win32.Build.0 = Debug|Win32
		{459D6F30-16D7-49BF-8A83-0E813DFB5233}.QT Release|Win32.ActiveCfg = Release|Win32
		{459D6F30-16D7-49BF-8A83-0E813DFB5233}.QT Release|Win32.Build.0 = Release|Win32
		{459D6F30-16D7-49BF-8A83-0E813DFB5233}.Release|Win32.ActiveCfg = Release|Win32
		{459D6F30-16D7-49BF-8A83-0E813DFB5233}.Release|Win32.Build.0 = Release|Win32
		{01EC267B-0690-4CA6-85F8-D50DAA35A7D3}.Debug|Win32.ActiveCfg = Debug|Win32
		{01EC267B-0690-4CA6-85F8-D50DAA35A7D3}.Debug|Win32.Build.0 = Debug|Win32
		{01EC267B-0690-4CA6-85F8-D50DAA35A7D3}.PPModd Debug|Win32.ActiveCfg = Debug|Win32
		{01EC267B-0690-4CA6-85F8-D50DAA35A7D3}.PPModd Debug|Win32.Build.0 = Debug|Win32
		{01EC267B-0690-4CA6-85F8-D50DAA35A7D3}.PPModd Embedded Debug|Win32.ActiveCfg = Debug|Win32
		{01EC267B-0690-4CA6-85F8-D50DAA35A7D3}.PPModd Embedded Debug|Win32.Build.0 = Debug|Win32
		{01EC267B-0690-4CA6-85F8-D50DAA35A7D3}.PPModd Embedded|Win32.ActiveCfg = Release|Win32
		{01EC267B-0690-4CA6-85F8-D50DAA35A7D3}.PPModd Embedded|Win32.Build.0 = Release|Win32
		{01EC267B-0690-4CA6-85F8-D50DAA35A7D3}.PPModd|Win32.ActiveCfg = Release|Win32
		{01EC267B-0690-4CA6-85F8-D50DAA35A7D3}.PPModd|Win32.Build.0 = Release|Win32
		{01EC267B-0690-4CA6-85F8-D50DAA35A7D3}.QT Debug|Win32.ActiveCfg = Debug|Win32
		{01EC267B-0690-4CA6-85F8-D50DAA35A7D3}.QT Debug|Win32.Build.0 = Debug|Win32
		{01EC267B-0690-4CA6-85F8-D50DAA35A7D3}.QT Release|Win32.ActiveCfg = Release|Win32
		{01EC267B-0690-4CA6-85F8-D50DAA35A7D3}.QT Release|Win32.Build.0 = Release|Win32
		{01EC267B-0690-4CA6-85F8-D50DAA35A7D3}.Release|Win32.ActiveCfg = Release|Win32
		{01EC267B-0690-4CA6-85F8-D50DAA35A7D3}.Release|Win32.Build.0 = Release|Win32
		{8B4DCBCE-A4ED-432C-A99C-771C71002765}.Debug|Win32.ActiveCfg = Debug|Win32
		{8B4DCBCE-A4ED-432C-A99C-771C71002765}.Debug|Win32.Build.0 = Debug|Win32
		{8B4DCBCE-A4ED-432C-A99C-771C71002765}.PPModd Debug|Win32.ActiveCfg = Debug|Win32
		{8B4DCBCE-A4ED-432C-A99C-771C71002765}.PPModd Debug|Win32.Build.0 = Debug|Win32
		{8B4DCBCE-A4ED-432C-A99C-771C71002765}.PPModd Embedded Debug|Win32.ActiveCfg = Debug|Win32
		{8B4DCBCE-A4ED-432C-A99C-771C71002765}.PPModd Embedded Debug|Win32.Build.0 = Debug|Win32
		{8B4DCBCE-A4ED-432C-A99C-771C71002765}.PPModd Embedded|Win32.ActiveCfg = Release|Win32
		{8B4DCBCE-A4ED-432C-A99C-771C71002765}.PPModd Embedded|Win32.Build.0 = Release|Win32
		{8B4DCBCE-A4ED-432C-A99C-771C71002765}.PPModd|Win32.ActiveCfg = Release|Win32
		{8B4DCBCE-A4ED-432C-A99C-771C71002765}.PPModd|Win32.Build.0 = Release|Win32
		{8B4DCBCE-A4ED-432C-A99C-771C71002765}.QT Debug|Win32.ActiveCfg = Debug|Win32
		{8B4DCBCE-A4ED-432C-A99C-771C71002765}.QT Debug|Win32.Build.0 = Debug|Win32
		{8B4DCBCE-A4ED-432C-A99C-771C71002765}.QT Release|Win32.ActiveCfg = Release|Win32
		{8B4DCBCE-A4ED-432C-A99C-771C71002765}.QT Release|Win32.Build.0 = Release|Win32
		{8B4DCBCE-A4ED-432C-A99C-771C71002765}.Release|Win32.ActiveCfg = Release|Win32
		{8B4DCBCE-A4ED-432C-A99C-771C71002765}.Release|Win32.Build.0 = Release|Win32
		{2AEAB89A-B282-4281-AAFB-BA90C361FDAF}.Debug|Win32.ActiveCfg = Debug|Win32
		{2AEAB89A-B282-4281-AAFB-BA90C361FDAF}.Debug|Win32.Build.0 = Debug|Win32
		{2AEAB89A-B282-4281-AAFB-BA90C361FDAF}.PPModd Debug|Win32.ActiveCfg = Debug|Win32
		{2AEAB89A-B282-4281-AAFB-BA90C361FDAF}.PPModd Debug|Win32.Build.0 = Debug|Win32
		{2AEAB89A-B282-4281-AAFB-BA90C361FDAF}.PPModd Embedded Debug|Win32.ActiveCfg = Debug|Win32
		{2AEAB89A-B282-4281-AAFB-BA90C361FDAF}.PPModd Embedded Debug|Win32.Build.0 = Debug|Win32
		{2AEAB89A-B282-4281-AAFB-BA90C361FDAF}.PPModd Embedded|Win32.ActiveCfg = Release|Win32
		{2AEAB89A-B282-4281-AAFB-BA90C361FDAF}.PPModd Embedded|Win32.Build.0 = Release|Win32
		{2AEAB89A-B282-4281-AAFB-BA90C361FDAF}.PPModd|Win32.ActiveCfg = Release|Win32
		{2AEAB89A-B282-4281-AAFB-BA90C361FDAF}.PPModd|Win32.Build.0 = Release|Win32
		{2AEAB89A-B282-4281-AAFB-BA90C361FDAF}.QT Debug|Win32.ActiveCfg = Debug|Win32
		{2AEAB89A-B282-4281-AAFB-BA90C361FDAF}.QT Debug|Win32.Build.0 = Debug|Win32
		{2AEAB89A-B282-4281-AAFB-BA90C361FDAF}.QT Release|Win32.ActiveCfg = Release|Win32
		{2AEAB89A-B282-4281-AAFB-BA90C361FDAF}.QT Release|Win32.Build.0 = Release|Win32
		{2AEAB89A-B282-4281-AAFB-BA90C361FDAF}.Release|Win32.ActiveCfg = Release|Win32
		{2AEAB89A-B282-4281-AAFB-BA90C361FDAF}.Release|Win32.Build.0 = Release|Win32
		{20202BFD-4D14-43EB-B94C-A8771AD84679}.Debug|Win32.ActiveCfg = Debug|Win32
		{20202BFD-4D14-43EB-B94C-A8771AD84679}.Debug|Win32.Build.0 = Debug|Win32
		{20202BFD-4D14-43EB-B94C-A8771AD84679}.PPModd Debug|Win32.ActiveCfg = Debug|Win32
		{20202BFD-4D14-43EB-B94C-A8771AD84679}.PPModd Debug|Win32.Build.0 = Debug|Win32
		{20202BFD-4D14-43EB-B94C-A8771AD84679}.PPModd Embedded Debug|Win32.ActiveCfg = Debug|Win32
		{20202BFD-4D14-43EB-B94C-A8771AD84679}.PPModd Embedded Debug|Win32.Build.0 = Debug|Win32
		{20202BFD-4D14-43EB-B94C-A8771AD84679}.PPModd Embedded|Win32.ActiveCfg = Release|Win32
		{20202BFD-4D14-43EB-B94C-A8771AD84679}.PPModd Embedded|Win32.Build.0 = Release|Win32
		{20202BFD-4D14-43EB-B94C-A8771AD84679}.PPModd|Win32.ActiveCfg = Release|Win32
		{20202BFD-4D14-43EB-B94C-A8771AD84679}.PPModd|Win32.Build.0 = Release|Win32
		{20202BFD-4D14-43EB-B94C-A8771AD84679}.QT Debug|Win32.ActiveCfg = Debug|Win32
		{20202BFD-4D14-43EB-B94C-A8771AD84679}.QT Debug|Win32.Build.0 = Debug|Win32
		{20202BFD-4D14-43EB-B94C-A8771AD84679}.QT Release|Win32.ActiveCfg = Release|Win32
		{20202BFD-4D14-43EB-B94C-A8771AD84679}.QT Release|Win32.Build.0 = Release|Win32
		{20202BFD-4D14-43EB-B94C-A8771AD84679}.Release|Win32.ActiveCfg = Release|Win32
		{20202BFD-4D14-43EB-B94C-A8771AD84679}.Release|Win32.Build.0 = Release|Win32
		{ABA2BF4F-8F19-4DC2-86BA-639AA79C3294}.Debug|Win32.ActiveCfg = Debug|Win32
		{ABA2BF4F-8F19-4DC2-86BA-639AA79C3294}.Debug|Win32.Build.0 = Debug|Win32
		{ABA2BF4F-8F19-4DC2-86BA-639AA79C3294}.PPModd Debug|Win32.ActiveCfg = Debug|Win32
		{ABA2BF4F-8F19-4DC2-86BA-639AA79C3294}.PPModd Debug|Win32.Build.0 = Debug|Win32
		{ABA2BF4F-8F19-4DC2-86BA-639AA79C3294}.PPModd Embedded Debug|Win32.ActiveCfg = Debug|Win32
		{ABA2BF4F-8F19-4DC2-86BA-639AA79C3294}.PPModd Embedded Debug|Win32.Build.0 = Debug|Win32
		{ABA2BF4F-8F19-4DC2-86BA-639AA79C3294}.PPModd Embedded|Win32.ActiveCfg = Release|Win32
		{ABA2BF4F-8F19-4DC2-86BA-639AA79C3294}.PPModd Embedded|Win32.Build.0 = Release|Win32
		{ABA2BF4F-8F19-4DC2-86BA-639AA79C3294}.PPModd|Win32.ActiveCfg = Release|Win32
		{ABA2BF4F-8F19-4DC2-86BA-639AA79C3294}.PPModd|Win32.Build.0 = Release|Win32
		{ABA2BF4F-8F19-4DC2-86BA-639AA79C3294}.QT Debug|Win32.ActiveCfg = Debug|Win32
		{ABA2BF4F-8F19-4DC2-86BA-639AA79C3294}.QT Debug|Win32.Build.0 = Debug|Win32
		{ABA2BF4F-8F19-4DC2-86BA-639AA79C3294}.QT Release|Win32.ActiveCfg = Release|Win32
		{ABA2BF4F-8F19-4DC2-86BA-639AA79C3294}.QT Release|Win32.Build.0 = Release|Win32
		{ABA2BF4F-8F19-4DC2-86BA-639AA79C3294}.Release|Win32.ActiveCfg = Release|Win32
		{ABA2BF4F-8F19-4DC2-86BA-639AA79C3294}.Release|Win32.Build.0 = Release|Win32
		{A5A754AC-6897-403F-8B34-438F0F6DEAAA}.Debug|Win32.ActiveCfg = Debug|Win32
		{A5A754AC-6897-403F-8B34-438F0F6DEAAA}.Debug|Win32.Build.0 = Debug|Win32
		{A5A754AC-6897-403F-8B34-438F0F6DEAAA}.PPModd Debug|Win32.ActiveCfg = Debug|Win32
		{A5A754AC-6897-403F-8B34-438F0F6DEAAA}.PPModd Debug|Win32.Build.0 = Debug|Win32
		{A5A754AC-6897-403F-8B34-438F0F6DEAAA}.PPModd Embedded Debug|Win32.ActiveCfg = Debug|Win32
		{A5A754AC-6897-403F-8B34-438F0F6DEAAA}.PPModd Embedded Debug|Win32.Build.0 = Debug|Win32
		{A5A754AC-6897-403F-8B34-438F0F6DEAAA}.PPModd Embedded|Win32.ActiveCfg = Release|Win32
		{A5A754AC-6897-403F-8B34-438F0F6DEAAA}.PPModd Embedded|Win32.Build.0 = Release|Win32
		{A5A754AC-6897-403F-8B34-438F0F6DEAAA}.PPModd|Win32.ActiveCfg = Release|Win32
		{A5A754AC-6897-403F-8B34-438F0F6DEAAA}.PPModd|Win32.Build.0 = Release|Win32
		{A5A754AC-6897-403F-8B34-438F0F6DEAAA}.QT Debug|Win32.ActiveCfg = Debug|Win32
		{A5A754AC-6897-403F-8B34-438F0F6DEAAA}.QT Debug|Win32.Build.0 = Debug|Win32
		{A5A754AC-6897-403F-8B34-438F0F6DEAAA}.QT Release|Win32.ActiveCfg = Release|Win32
		{A5A754AC-6897-403F-8B34-438F0F6DEAAA}.QT Release|Win32.Build.0 = Release|Win32
		{A5A754AC-6897-403F-8B34-438F0F6DEAAA}.Release|Win32.ActiveCfg = Release|Win32
		{A5A754AC-6897-403F-8B34-438F0F6DEAAA}.Release|Win32.Build.0 = Release|Win32
		{E3326DB8-B364-40A5-855A-2E6C4E5884DE}.Debug|Win32.ActiveCfg = Debug|Win32
		{E3326DB8-B364-40A5-855A-2E6C4E5884DE}.Debug|Win32.Build.0 = Debug|Win32
		{E3326DB8-B364-40A5-855A-2E6C4E5884DE}.PPModd Debug|Win32.ActiveCfg = Debug|Win32
		{E3326DB8-B364-40A5-855A-2E6C4E5884DE}.PPModd Debug|Win32.Build.0 = Debug|Win32
		{E3326DB8-B364-40A5-855A-2E6C4E5884DE}.PPModd Embedded Debug|Win32.ActiveCfg = Debug|Win32
		{E3326DB8-B364-40A5-855A-2E6C4E5884DE}.PPModd Embedded Debug|Win32.Build.0 = Debug|Win32
		{E3326DB8-B364-40A5-855A-2E6C4E5884DE}.PPModd Embedded|Win32.ActiveCfg = Release|Win32
		{E3326DB8-B364-40A5-855A-2E6C4E5884DE}.PPModd Embedded|Win32.Build.0 = Release|Win32
		{E3326DB8-B364-40A5-855A-2E6C4E5884DE}.PPModd|Win32.ActiveCfg = Release|Win32
		{E3326DB8-B364-40A5-855A-2E6C4E5884DE}.PPModd|Win32.Build.0 = Release|Win32
		{E3326DB8-B364-40A5-855A-2E6C4E5884DE}.QT Debug|Win32.ActiveCfg = Debug|Win32
		{E3326DB8-B364-40A5-855A-2E6C4E5884DE}.QT Debug|Win32.Build.0 = Debug|Win32
		{E3326DB8-B364-40A5-855A-2E6C4E5884DE}.QT Release|Win32.ActiveCfg = Release|Win32
		{E3326DB8-B364-40A5-855A-2E6C4E5884DE}.QT Release|Win32.Build.0 = Release|Win32
		{E3326DB8-B364-40A5-855A-2E6C4E5884DE}.Release|Win32.ActiveCfg = Release|Win32
		{E3326DB8-B364-40A5-855A-2E6C4E5884DE}.Release|Win32.Build.0 = Release|Win32
		{0BF2C761-51CF-43FB-8AAC-306814E055B9}.Debug|Win32.ActiveCfg = Debug|Win32
		{0BF2C761-51CF-43FB-8AAC-306814E055B9}.Debug|Win32.Build.0 = Debug|Win32
		{0BF2C761-51CF-43FB-8AAC-306814E055B9}.PPModd Debug|Win32.ActiveCfg = Debug|Win32
		{0BF2C761-51CF-43FB-8AAC-306814E055B9}.PPModd Debug|Win32.Build.0 = Debug|Win32
		{0BF2C761-51CF-43FB-8AAC-306814E055B9}.PPModd Embedded Debug|Win32.ActiveCfg = Debug|Win32
		{0BF2C761-51CF-43FB-8AAC-306814E055B9}.PPModd Embedded Debug|Win32.Build.0 = Debug|Win32
		{0BF2C761-51CF-43FB-8AAC-306814E055B9}.PPModd Embedded|Win32.ActiveCfg = Release|Win32
		{0BF2C761-51CF-43FB-8AAC-306814E055B9}.PPModd Embedded|Win32.Build.0 = Release|Win32
		{0BF2C761-51CF-43FB-8AAC-306814E055B9}.PPModd|Win32.ActiveCfg = Release|Win32
		{0BF2C761-51CF-43FB-8AAC-306814E055B9}.PPModd|Win32.Build.0 = Release|Win32
		{0BF2C761-51CF-43FB-8AAC-306814E055B9}.QT Debug|Win32.ActiveCfg = Debug|Win32
		{0BF2C761-51CF-43FB-8AAC-306814E055B9}.QT Debug|Win32.Build.0 = Debug|Win32
		{0BF2C761-51CF-43FB-8AAC-306814E055B9}.QT Release|Win32.ActiveCfg = Release|Win32
		{0BF2C761-51CF-43FB-8AAC-306814E055B9}.QT Release|Win32.Build.0 = Release|Win32
		{0BF2C761-51CF-43FB-8AAC-306814E055B9}.Release|Win32.ActiveCfg = Release|Win32
		{0BF2C761-51CF-43FB-8AAC-306814E055B9}.Release|Win32.Build.0 = Release|Win32
	EndGlobalSection
	GlobalSection(SolutionProperties) = preSolution
		HideSolutionNode = FALSE
	EndGlobalSection
EndGlobal
