Microsoft Visual Studio Solution File, Format Version 10.00
# Visual Studio 2008
Project("{8BC9CEB8-8B4A-11D0-8D11-00A0C91BC942}") = "TriX_ARMada", "TriX_ARMada\TriX_ARMada.vcproj", "{6C8895DE-B4FC-45A9-9EC9-B2FC7698F1C5}"
EndProject
Project("{8BC9CEB8-8B4A-11D0-8D11-00A0C91BC942}") = "TriX_ARMulate", "TriX_ARMulate\TriX_ARMulate.vcproj", "{1344D36C-6AF7-4661-BE89-E190402B1058}"
EndProject
Project("{8BC9CEB8-8B4A-11D0-8D11-00A0C91BC942}") = "TriX_DisARM", "TriX_DisARM\TriX_DisARM.vcproj", "{01F7FA6A-81FD-4069-A7F3-3D922A528C1C}"
EndProject
Project("{8BC9CEB8-8B4A-11D0-8D11-00A0C91BC942}") = "TriX_Excellent", "TriX_Excellent\TriX_Excellent.vcproj", "{2A85C5AF-F5DD-459B-B59A-CE1DFD0CDC91}"
EndProject
Project("{8BC9CEB8-8B4A-11D0-8D11-00A0C91BC942}") = "TriX_FATe", "TriX_FATe\TriX_FATe.vcproj", "{EB323CA5-AF5A-482D-81C9-76BA7CB64271}"
EndProject
Project("{8BC9CEB8-8B4A-11D0-8D11-00A0C91BC942}") = "TriX_fmtBABE", "TriX_fmtBABE\TriX_fmtBABE.vcproj", "{3E979970-47E2-4354-9477-4099B84E0837}"
EndProject
Project("{8BC9CEB8-8B4A-11D0-8D11-00A0C91BC942}") = "TriX_fmtBADA", "TriX_fmtBADA\TriX_fmtBADA.vcproj", "{87CBBF63-67D0-418B-B9F3-48C325F242ED}"
EndProject
Project("{8BC9CEB8-8B4A-11D0-8D11-00A0C91BC942}") = "TriX_fmtCNT", "TriX_fmtCNT\TriX_fmtCNT.vcproj", "{694A492A-4D8F-4A11-9034-EDBABEC7FFEF}"
EndProject
Project("{8BC9CEB8-8B4A-11D0-8D11-00A0C91BC942}") = "TriX_fmttest", "TriX_fmttest\TriX_fmttest.vcproj", "{1F2B1EA5-76BE-495D-818A-41EBEC36F941}"
EndProject
Project("{8BC9CEB8-8B4A-11D0-8D11-00A0C91BC942}") = "TriX_HWemu", "TriX_HWemu\TriX_HWemu.vcproj", "{459D6F30-16D7-49BF-8A83-0E813DFB5233}"
EndProject
Project("{8BC9CEB8-8B4A-11D0-8D11-00A0C91BC942}") = "TriX_IPShell", "TriX_IPShell\TriX_IPShell.vcproj", "{01EC267B-0690-4CA6-85F8-D50DAA35A7D3}"
EndProject
Project("{8BC9CEB8-8B4A-11D0-8D11-00A0C91BC942}") = "TriX_NokiaCrypt", "TriX_NokiaCrypt\TriX_NokiaCrypt.vcproj", "{8B4DCBCE-A4ED-432C-A99C-771C71002765}"
EndProject
Project("{8BC9CEB8-8B4A-11D0-8D11-00A0C91BC942}") = "TriX_PPModify", "TriX_PPModify\TriX_PPModify.vcproj", "{2AEAB89A-B282-4281-AAFB-BA90C361FDAF}"
EndProject
Project("{8BC9CEB8-8B4A-11D0-8D11-00A0C91BC942}") = "TriX_Prodigize", "TriX_Prodigize\TriX_Prodigize.vcproj", "{20202BFD-4D14-43EB-B94C-A8771AD84679}"
EndProject
Project("{8BC9CEB8-8B4A-11D0-8D11-00A0C91BC942}") = "TriX_term", "TriX_term\TriX_term.vcproj", "{ABA2BF4F-8F19-4DC2-86BA-639AA79C3294}"
EndProject
Project("{8BC9CEB8-8B4A-11D0-8D11-00A0C91BC942}") = "TriX_UFS", "TriX_UFS\TriX_UFS.vcproj", "{A5A754AC-6897-403F-8B34-438F0F6DEAAA}"
EndProject
Project("{8BC9CEB8-8B4A-11D0-8D11-00A0C91BC942}") = "TriX_XML", "TriX_XML\TriX_XML.vcproj", "{E3326DB8-B364-40A5-855A-2E6C4E5884DE}"
EndProject
Global
	GlobalSection(SolutionConfigurationPlatforms) = preSolution
		Debug|Win32 = Debug|Win32
		Release|Win32 = Release|Win32
	EndGlobalSection
	GlobalSection(ProjectConfigurationPlatforms) = postSolution
		{6C8895DE-B4FC-45A9-9EC9-B2FC7698F1C5}.Debug|Win32.ActiveCfg = Debug|Win32
		{6C8895DE-B4FC-45A9-9EC9-B2FC7698F1C5}.Debug|Win32.Build.0 = Debug|Win32
		{6C8895DE-B4FC-45A9-9EC9-B2FC7698F1C5}.Release|Win32.ActiveCfg = Release|Win32
		{6C8895DE-B4FC-45A9-9EC9-B2FC7698F1C5}.Release|Win32.Build.0 = Release|Win32
		{1344D36C-6AF7-4661-BE89-E190402B1058}.Debug|Win32.ActiveCfg = Debug|Win32
		{1344D36C-6AF7-4661-BE89-E190402B1058}.Debug|Win32.Build.0 = Debug|Win32
		{1344D36C-6AF7-4661-BE89-E190402B1058}.Release|Win32.ActiveCfg = Release|Win32
		{1344D36C-6AF7-4661-BE89-E190402B1058}.Release|Win32.Build.0 = Release|Win32
		{01F7FA6A-81FD-4069-A7F3-3D922A528C1C}.Debug|Win32.ActiveCfg = Debug|Win32
		{01F7FA6A-81FD-4069-A7F3-3D922A528C1C}.Debug|Win32.Build.0 = Debug|Win32
		{01F7FA6A-81FD-4069-A7F3-3D922A528C1C}.Release|Win32.ActiveCfg = Release|Win32
		{01F7FA6A-81FD-4069-A7F3-3D922A528C1C}.Release|Win32.Build.0 = Release|Win32
		{2A85C5AF-F5DD-459B-B59A-CE1DFD0CDC91}.Debug|Win32.ActiveCfg = Debug|Win32
		{2A85C5AF-F5DD-459B-B59A-CE1DFD0CDC91}.Debug|Win32.Build.0 = Debug|Win32
		{2A85C5AF-F5DD-459B-B59A-CE1DFD0CDC91}.Release|Win32.ActiveCfg = Release|Win32
		{2A85C5AF-F5DD-459B-B59A-CE1DFD0CDC91}.Release|Win32.Build.0 = Release|Win32
		{EB323CA5-AF5A-482D-81C9-76BA7CB64271}.Debug|Win32.ActiveCfg = Debug|Win32
		{EB323CA5-AF5A-482D-81C9-76BA7CB64271}.Debug|Win32.Build.0 = Debug|Win32
		{EB323CA5-AF5A-482D-81C9-76BA7CB64271}.Release|Win32.ActiveCfg = Release|Win32
		{EB323CA5-AF5A-482D-81C9-76BA7CB64271}.Release|Win32.Build.0 = Release|Win32
		{3E979970-47E2-4354-9477-4099B84E0837}.Debug|Win32.ActiveCfg = Debug|Win32
		{3E979970-47E2-4354-9477-4099B84E0837}.Debug|Win32.Build.0 = Debug|Win32
		{3E979970-47E2-4354-9477-4099B84E0837}.Release|Win32.ActiveCfg = Release|Win32
		{3E979970-47E2-4354-9477-4099B84E0837}.Release|Win32.Build.0 = Release|Win32
		{87CBBF63-67D0-418B-B9F3-48C325F242ED}.Debug|Win32.ActiveCfg = Debug|Win32
		{87CBBF63-67D0-418B-B9F3-48C325F242ED}.Debug|Win32.Build.0 = Debug|Win32
		{87CBBF63-67D0-418B-B9F3-48C325F242ED}.Release|Win32.ActiveCfg = Release|Win32
		{87CBBF63-67D0-418B-B9F3-48C325F242ED}.Release|Win32.Build.0 = Release|Win32
		{694A492A-4D8F-4A11-9034-EDBABEC7FFEF}.Debug|Win32.ActiveCfg = Debug|Win32
		{694A492A-4D8F-4A11-9034-EDBABEC7FFEF}.Debug|Win32.Build.0 = Debug|Win32
		{694A492A-4D8F-4A11-9034-EDBABEC7FFEF}.Release|Win32.ActiveCfg = Release|Win32
		{694A492A-4D8F-4A11-9034-EDBABEC7FFEF}.Release|Win32.Build.0 = Release|Win32
		{1F2B1EA5-76BE-495D-818A-41EBEC36F941}.Debug|Win32.ActiveCfg = Debug|Win32
		{1F2B1EA5-76BE-495D-818A-41EBEC36F941}.Debug|Win32.Build.0 = Debug|Win32
		{1F2B1EA5-76BE-495D-818A-41EBEC36F941}.Release|Win32.ActiveCfg = Release|Win32
		{1F2B1EA5-76BE-495D-818A-41EBEC36F941}.Release|Win32.Build.0 = Release|Win32
		{459D6F30-16D7-49BF-8A83-0E813DFB5233}.Debug|Win32.ActiveCfg = Debug|Win32
		{459D6F30-16D7-49BF-8A83-0E813DFB5233}.Debug|Win32.Build.0 = Debug|Win32
		{459D6F30-16D7-49BF-8A83-0E813DFB5233}.Release|Win32.ActiveCfg = Release|Win32
		{459D6F30-16D7-49BF-8A83-0E813DFB5233}.Release|Win32.Build.0 = Release|Win32
		{01EC267B-0690-4CA6-85F8-D50DAA35A7D3}.Debug|Win32.ActiveCfg = Debug|Win32
		{01EC267B-0690-4CA6-85F8-D50DAA35A7D3}.Debug|Win32.Build.0 = Debug|Win32
		{01EC267B-0690-4CA6-85F8-D50DAA35A7D3}.Release|Win32.ActiveCfg = Release|Win32
		{01EC267B-0690-4CA6-85F8-D50DAA35A7D3}.Release|Win32.Build.0 = Release|Win32
		{8B4DCBCE-A4ED-432C-A99C-771C71002765}.Debug|Win32.ActiveCfg = Debug|Win32
		{8B4DCBCE-A4ED-432C-A99C-771C71002765}.Debug|Win32.Build.0 = Debug|Win32
		{8B4DCBCE-A4ED-432C-A99C-771C71002765}.Release|Win32.ActiveCfg = Release|Win32
		{8B4DCBCE-A4ED-432C-A99C-771C71002765}.Release|Win32.Build.0 = Release|Win32
		{2AEAB89A-B282-4281-AAFB-BA90C361FDAF}.Debug|Win32.ActiveCfg = Debug|Win32
		{2AEAB89A-B282-4281-AAFB-BA90C361FDAF}.Debug|Win32.Build.0 = Debug|Win32
		{2AEAB89A-B282-4281-AAFB-BA90C361FDAF}.Release|Win32.ActiveCfg = Release|Win32
		{2AEAB89A-B282-4281-AAFB-BA90C361FDAF}.Release|Win32.Build.0 = Release|Win32
		{20202BFD-4D14-43EB-B94C-A8771AD84679}.Debug|Win32.ActiveCfg = Debug|Win32
		{20202BFD-4D14-43EB-B94C-A8771AD84679}.Debug|Win32.Build.0 = Debug|Win32
		{20202BFD-4D14-43EB-B94C-A8771AD84679}.Release|Win32.ActiveCfg = Release|Win32
		{20202BFD-4D14-43EB-B94C-A8771AD84679}.Release|Win32.Build.0 = Release|Win32
		{ABA2BF4F-8F19-4DC2-86BA-639AA79C3294}.Debug|Win32.ActiveCfg = Debug|Win32
		{ABA2BF4F-8F19-4DC2-86BA-639AA79C3294}.Debug|Win32.Build.0 = Debug|Win32
		{ABA2BF4F-8F19-4DC2-86BA-639AA79C3294}.Release|Win32.ActiveCfg = Release|Win32
		{ABA2BF4F-8F19-4DC2-86BA-639AA79C3294}.Release|Win32.Build.0 = Release|Win32
		{A5A754AC-6897-403F-8B34-438F0F6DEAAA}.Debug|Win32.ActiveCfg = Debug|Win32
		{A5A754AC-6897-403F-8B34-438F0F6DEAAA}.Debug|Win32.Build.0 = Debug|Win32
		{A5A754AC-6897-403F-8B34-438F0F6DEAAA}.Release|Win32.ActiveCfg = Release|Win32
		{A5A754AC-6897-403F-8B34-438F0F6DEAAA}.Release|Win32.Build.0 = Release|Win32
		{E3326DB8-B364-40A5-855A-2E6C4E5884DE}.Debug|Win32.ActiveCfg = Debug|Win32
		{E3326DB8-B364-40A5-855A-2E6C4E5884DE}.Debug|Win32.Build.0 = Debug|Win32
		{E3326DB8-B364-40A5-855A-2E6C4E5884DE}.Release|Win32.ActiveCfg = Release|Win32
		{E3326DB8-B364-40A5-855A-2E6C4E5884DE}.Release|Win32.Build.0 = Release|Win32
	EndGlobalSection
	GlobalSection(SolutionProperties) = preSolution
		HideSolutionNode = FALSE
	EndGlobalSection
EndGlobal
